
Microsoft Visual Studio Solution File, Format Version 12.00
# Visual Studio Version 17
VisualStudioVersion = 17.0.31912.275
MinimumVisualStudioVersion = 10.0.40219.1
Project("{9A19103F-16F7-4668-BE54-9A1E7A4F7556}") = "WoWTrace.Backend", "WoWTrace.Backend\WoWTrace.Backend.csproj", "{8182CF6E-D932-4195-9F89-9891077B2BF8}"
EndProject
Project("{9A19103F-16F7-4668-BE54-9A1E7A4F7556}") = "TACT.Net", "TACT.Net\TACT.Net\TACT.Net.csproj", "{17ED877D-4B5C-40F7-A41B-9E2CA20EA556}"
EndProject
Global
	GlobalSection(SolutionConfigurationPlatforms) = preSolution
		Debug|Any CPU = Debug|Any CPU
		Release|Any CPU = Release|Any CPU
	EndGlobalSection
	GlobalSection(ProjectConfigurationPlatforms) = postSolution
		{8182CF6E-D932-4195-9F89-9891077B2BF8}.Debug|Any CPU.ActiveCfg = Debug|Any CPU
		{8182CF6E-D932-4195-9F89-9891077B2BF8}.Debug|Any CPU.Build.0 = Debug|Any CPU
		{8182CF6E-D932-4195-9F89-9891077B2BF8}.Release|Any CPU.ActiveCfg = Release|Any CPU
		{8182CF6E-D932-4195-9F89-9891077B2BF8}.Release|Any CPU.Build.0 = Release|Any CPU
		{17ED877D-4B5C-40F7-A41B-9E2CA20EA556}.Debug|Any CPU.ActiveCfg = Debug|Any CPU
		{17ED877D-4B5C-40F7-A41B-9E2CA20EA556}.Debug|Any CPU.Build.0 = Debug|Any CPU
		{17ED877D-4B5C-40F7-A41B-9E2CA20EA556}.Release|Any CPU.ActiveCfg = Release|Any CPU
		{17ED877D-4B5C-40F7-A41B-9E2CA20EA556}.Release|Any CPU.Build.0 = Release|Any CPU
	EndGlobalSection
	GlobalSection(SolutionProperties) = preSolution
		HideSolutionNode = FALSE
	EndGlobalSection
	GlobalSection(ExtensibilityGlobals) = postSolution
		SolutionGuid = {14AD3BD4-A067-49D7-AE4A-A94E19219C1C}
	EndGlobalSection
EndGlobal
